
Microsoft Visual Studio Solution File, Format Version 12.00
# Visual Studio Version 17
VisualStudioVersion = 17.6.33829.357
MinimumVisualStudioVersion = 10.0.40219.1
Project("{8BC9CEB8-8B4A-11D0-8D11-00A0C91BC942}") = "MontanaNathan", "MontanaNathan\MontanaNathan.vcxproj", "{CAF87010-F5D3-455B-9E73-0F9FD7ACACE4}"
EndProject
Global
	GlobalSection(SolutionConfigurationPlatforms) = preSolution
		Debug|x64 = Debug|x64
		Debug|x86 = Debug|x86
		Release|x64 = Release|x64
		Release|x86 = Release|x86
	EndGlobalSection
	GlobalSection(ProjectConfigurationPlatforms) = postSolution
		{CAF87010-F5D3-455B-9E73-0F9FD7ACACE4}.Debug|x64.ActiveCfg = Debug|x64
		{CAF87010-F5D3-455B-9E73-0F9FD7ACACE4}.Debug|x64.Build.0 = Debug|x64
		{CAF87010-F5D3-455B-9E73-0F9FD7ACACE4}.Debug|x86.ActiveCfg = Debug|Win32
		{CAF87010-F5D3-455B-9E73-0F9FD7ACACE4}.Debug|x86.Build.0 = Debug|Win32
		{CAF87010-F5D3-455B-9E73-0F9FD7ACACE4}.Release|x64.ActiveCfg = Release|x64
		{CAF87010-F5D3-455B-9E73-0F9FD7ACACE4}.Release|x64.Build.0 = Release|x64
		{CAF87010-F5D3-455B-9E73-0F9FD7ACACE4}.Release|x86.ActiveCfg = Release|Win32
		{CAF87010-F5D3-455B-9E73-0F9FD7ACACE4}.Release|x86.Build.0 = Release|Win32
	EndGlobalSection
	GlobalSection(SolutionProperties) = preSolution
		HideSolutionNode = FALSE
	EndGlobalSection
	GlobalSection(ExtensibilityGlobals) = postSolution
		SolutionGuid = {CFDF5E39-0D69-46EF-95F7-9672A5316AB3}
	EndGlobalSection
EndGlobal
